
Microsoft Visual Studio Solution File, Format Version 12.00
# Visual Studio Version 17
VisualStudioVersion = 17.8.34408.163
MinimumVisualStudioVersion = 10.0.40219.1
Project("{FAE04EC0-301F-11D3-BF4B-00C04F79EFBC}") = "EmployeeAndDepartment", "EmployeeAndDepartment.csproj", "{3D1D2E88-2028-49F6-86A7-69A0E0E91365}"
EndProject
Global
	GlobalSection(SolutionConfigurationPlatforms) = preSolution
		Debug|Any CPU = Debug|Any CPU
		Release|Any CPU = Release|Any CPU
	EndGlobalSection
	GlobalSection(ProjectConfigurationPlatforms) = postSolution
		{3D1D2E88-2028-49F6-86A7-69A0E0E91365}.Debug|Any CPU.ActiveCfg = Debug|Any CPU
		{3D1D2E88-2028-49F6-86A7-69A0E0E91365}.Debug|Any CPU.Build.0 = Debug|Any CPU
		{3D1D2E88-2028-49F6-86A7-69A0E0E91365}.Release|Any CPU.ActiveCfg = Release|Any CPU
		{3D1D2E88-2028-49F6-86A7-69A0E0E91365}.Release|Any CPU.Build.0 = Release|Any CPU
	EndGlobalSection
	GlobalSection(SolutionProperties) = preSolution
		HideSolutionNode = FALSE
	EndGlobalSection
	GlobalSection(ExtensibilityGlobals) = postSolution
		SolutionGuid = {196B2C9B-334D-4E9E-A87E-580BC9712EFC}
	EndGlobalSection
EndGlobal
